
Microsoft Visual Studio Solution File, Format Version 12.00
# Visual Studio Version 16
VisualStudioVersion = 16.0.31205.134
MinimumVisualStudioVersion = 10.0.40219.1
Project("{FAE04EC0-301F-11D3-BF4B-00C04F79EFBC}") = "BotMegaSena", "BotMegaSena\BotMegaSena.csproj", "{88399DD8-8E87-4744-836F-8B160ECE019E}"
EndProject
Project("{FAE04EC0-301F-11D3-BF4B-00C04F79EFBC}") = "BotInsta.Selenium", "BotInsta.Selenium\BotInsta.Selenium.csproj", "{7D40110D-60D1-4EC3-80EE-CFB3E96D5889}"
EndProject
Global
	GlobalSection(SolutionConfigurationPlatforms) = preSolution
		Debug|Any CPU = Debug|Any CPU
		Release|Any CPU = Release|Any CPU
	EndGlobalSection
	GlobalSection(ProjectConfigurationPlatforms) = postSolution
		{88399DD8-8E87-4744-836F-8B160ECE019E}.Debug|Any CPU.ActiveCfg = Debug|Any CPU
		{88399DD8-8E87-4744-836F-8B160ECE019E}.Debug|Any CPU.Build.0 = Debug|Any CPU
		{88399DD8-8E87-4744-836F-8B160ECE019E}.Release|Any CPU.ActiveCfg = Release|Any CPU
		{88399DD8-8E87-4744-836F-8B160ECE019E}.Release|Any CPU.Build.0 = Release|Any CPU
		{7D40110D-60D1-4EC3-80EE-CFB3E96D5889}.Debug|Any CPU.ActiveCfg = Debug|Any CPU
		{7D40110D-60D1-4EC3-80EE-CFB3E96D5889}.Debug|Any CPU.Build.0 = Debug|Any CPU
		{7D40110D-60D1-4EC3-80EE-CFB3E96D5889}.Release|Any CPU.ActiveCfg = Release|Any CPU
		{7D40110D-60D1-4EC3-80EE-CFB3E96D5889}.Release|Any CPU.Build.0 = Release|Any CPU
	EndGlobalSection
	GlobalSection(SolutionProperties) = preSolution
		HideSolutionNode = FALSE
	EndGlobalSection
	GlobalSection(ExtensibilityGlobals) = postSolution
		SolutionGuid = {B9F8ADF1-FD72-4EE1-A498-74A4CC4F9369}
	EndGlobalSection
EndGlobal
